
Microsoft Visual Studio Solution File, Format Version 12.00
# Visual Studio Version 16
VisualStudioVersion = 16.0.28803.452
MinimumVisualStudioVersion = 10.0.40219.1
Project("{FAE04EC0-301F-11D3-BF4B-00C04F79EFBC}") = "BooksApi", "BooksApi\BooksApi.csproj", "{87608552-5D7E-449B-9532-8D18F8C27833}"
EndProject
Global
	GlobalSection(SolutionConfigurationPlatforms) = preSolution
		Debug|Any CPU = Debug|Any CPU
		Release|Any CPU = Release|Any CPU
	EndGlobalSection
	GlobalSection(ProjectConfigurationPlatforms) = postSolution
		{87608552-5D7E-449B-9532-8D18F8C27833}.Debug|Any CPU.ActiveCfg = Debug|Any CPU
		{87608552-5D7E-449B-9532-8D18F8C27833}.Debug|Any CPU.Build.0 = Debug|Any CPU
		{87608552-5D7E-449B-9532-8D18F8C27833}.Release|Any CPU.ActiveCfg = Release|Any CPU
		{87608552-5D7E-449B-9532-8D18F8C27833}.Release|Any CPU.Build.0 = Release|Any CPU
	EndGlobalSection
	GlobalSection(SolutionProperties) = preSolution
		HideSolutionNode = FALSE
	EndGlobalSection
	GlobalSection(ExtensibilityGlobals) = postSolution
		SolutionGuid = {C4C72B59-F682-4379-B64F-0EFFB3D24976}
	EndGlobalSection
EndGlobal
